
Microsoft Visual Studio Solution File, Format Version 12.00
# Visual Studio Version 16
VisualStudioVersion = 16.0.29306.81
MinimumVisualStudioVersion = 10.0.40219.1
Project("{9A19103F-16F7-4668-BE54-9A1E7A4F7556}") = "Organizations.Api", "Organizations.Api\Organizations.Api.csproj", "{D6045E23-DB7B-4290-98B3-7F327E12E0AA}"
EndProject
Project("{FAE04EC0-301F-11D3-BF4B-00C04F79EFBC}") = "NationalHealthcareNetwork_noContainerized2.Api.Test", "NationalHealthcareNetwork_noContainerized2.Api.Test\NationalHealthcareNetwork_noContainerized2.Api.Test.csproj", "{0C4424EC-71BB-4651-B4F7-98490DD6DAE4}"
EndProject
Global
	GlobalSection(SolutionConfigurationPlatforms) = preSolution
		Debug|Any CPU = Debug|Any CPU
		Release|Any CPU = Release|Any CPU
	EndGlobalSection
	GlobalSection(ProjectConfigurationPlatforms) = postSolution
		{D6045E23-DB7B-4290-98B3-7F327E12E0AA}.Debug|Any CPU.ActiveCfg = Debug|Any CPU
		{D6045E23-DB7B-4290-98B3-7F327E12E0AA}.Debug|Any CPU.Build.0 = Debug|Any CPU
		{D6045E23-DB7B-4290-98B3-7F327E12E0AA}.Release|Any CPU.ActiveCfg = Release|Any CPU
		{D6045E23-DB7B-4290-98B3-7F327E12E0AA}.Release|Any CPU.Build.0 = Release|Any CPU
		{0C4424EC-71BB-4651-B4F7-98490DD6DAE4}.Debug|Any CPU.ActiveCfg = Debug|Any CPU
		{0C4424EC-71BB-4651-B4F7-98490DD6DAE4}.Debug|Any CPU.Build.0 = Debug|Any CPU
		{0C4424EC-71BB-4651-B4F7-98490DD6DAE4}.Release|Any CPU.ActiveCfg = Release|Any CPU
		{0C4424EC-71BB-4651-B4F7-98490DD6DAE4}.Release|Any CPU.Build.0 = Release|Any CPU
	EndGlobalSection
	GlobalSection(SolutionProperties) = preSolution
		HideSolutionNode = FALSE
	EndGlobalSection
	GlobalSection(ExtensibilityGlobals) = postSolution
		SolutionGuid = {0292D8E9-A509-4F34-9976-2504E3B2377F}
	EndGlobalSection
EndGlobal
